
Microsoft Visual Studio Solution File, Format Version 12.00
# Visual Studio 2010
Project("{2150E333-8FDC-42A3-9474-1A3956D46DE8}") = "Emulator", "Emulator", "{E87F236E-849C-4A3C-AE53-D29FFCEEC3FF}"
	ProjectSection(SolutionItems) = preProject
		Emulator\KievPribor.exe = Emulator\KievPribor.exe
	EndProjectSection
EndProject
Project("{FAE04EC0-301F-11D3-BF4B-00C04F79EFBC}") = "MRZS.Web", "MRZS.Web\MRZS.Web.csproj", "{2556AD18-F93E-4BA5-90B9-9F4FA579AC6B}"
EndProject
Project("{FAE04EC0-301F-11D3-BF4B-00C04F79EFBC}") = "MRZS", "MRZS\MRZS.csproj", "{F84C112A-FF68-44DF-B2EF-79D5619603BD}"
	ProjectSection(ProjectDependencies) = postProject
		{2556AD18-F93E-4BA5-90B9-9F4FA579AC6B} = {2556AD18-F93E-4BA5-90B9-9F4FA579AC6B}
		{2556AD18-F93E-4BA5-90B9-9F4FA579AC6B} = {2556AD18-F93E-4BA5-90B9-9F4FA579AC6B}
	EndProjectSection
EndProject
Global
	GlobalSection(SolutionConfigurationPlatforms) = preSolution
		Debug|Any CPU = Debug|Any CPU
		Debug|Mixed Platforms = Debug|Mixed Platforms
		Debug|x86 = Debug|x86
		Release|Any CPU = Release|Any CPU
		Release|Mixed Platforms = Release|Mixed Platforms
		Release|x86 = Release|x86
	EndGlobalSection
	GlobalSection(ProjectConfigurationPlatforms) = postSolution
		{2556AD18-F93E-4BA5-90B9-9F4FA579AC6B}.Debug|Any CPU.ActiveCfg = Debug|Any CPU
		{2556AD18-F93E-4BA5-90B9-9F4FA579AC6B}.Debug|Any CPU.Build.0 = Debug|Any CPU
		{2556AD18-F93E-4BA5-90B9-9F4FA579AC6B}.Debug|Mixed Platforms.ActiveCfg = Debug|Any CPU
		{2556AD18-F93E-4BA5-90B9-9F4FA579AC6B}.Debug|Mixed Platforms.Build.0 = Debug|Any CPU
		{2556AD18-F93E-4BA5-90B9-9F4FA579AC6B}.Debug|x86.ActiveCfg = Debug|Any CPU
		{2556AD18-F93E-4BA5-90B9-9F4FA579AC6B}.Release|Any CPU.ActiveCfg = Release|Any CPU
		{2556AD18-F93E-4BA5-90B9-9F4FA579AC6B}.Release|Any CPU.Build.0 = Release|Any CPU
		{2556AD18-F93E-4BA5-90B9-9F4FA579AC6B}.Release|Mixed Platforms.ActiveCfg = Release|Any CPU
		{2556AD18-F93E-4BA5-90B9-9F4FA579AC6B}.Release|Mixed Platforms.Build.0 = Release|Any CPU
		{2556AD18-F93E-4BA5-90B9-9F4FA579AC6B}.Release|x86.ActiveCfg = Release|Any CPU
		{F84C112A-FF68-44DF-B2EF-79D5619603BD}.Debug|Any CPU.ActiveCfg = Debug|Any CPU
		{F84C112A-FF68-44DF-B2EF-79D5619603BD}.Debug|Any CPU.Build.0 = Debug|Any CPU
		{F84C112A-FF68-44DF-B2EF-79D5619603BD}.Debug|Mixed Platforms.ActiveCfg = Debug|Any CPU
		{F84C112A-FF68-44DF-B2EF-79D5619603BD}.Debug|Mixed Platforms.Build.0 = Debug|Any CPU
		{F84C112A-FF68-44DF-B2EF-79D5619603BD}.Debug|x86.ActiveCfg = Debug|Any CPU
		{F84C112A-FF68-44DF-B2EF-79D5619603BD}.Release|Any CPU.ActiveCfg = Release|Any CPU
		{F84C112A-FF68-44DF-B2EF-79D5619603BD}.Release|Any CPU.Build.0 = Release|Any CPU
		{F84C112A-FF68-44DF-B2EF-79D5619603BD}.Release|Mixed Platforms.ActiveCfg = Release|Any CPU
		{F84C112A-FF68-44DF-B2EF-79D5619603BD}.Release|Mixed Platforms.Build.0 = Release|Any CPU
		{F84C112A-FF68-44DF-B2EF-79D5619603BD}.Release|x86.ActiveCfg = Release|Any CPU
	EndGlobalSection
	GlobalSection(SolutionProperties) = preSolution
		HideSolutionNode = FALSE
	EndGlobalSection
	GlobalSection(SubversionScc) = preSolution
		Manager = AnkhSVN - Subversion Support for Visual Studio
		Svn-Managed = True
	EndGlobalSection
EndGlobal
